{
  "nodes": {
    "nixpkgs": {
      "locked": {
        "lastModified": 1596923262,
        "narHash": "sha256-Aoq5bzJEt5sI4Oj85DdC0fJOm/Z72fcImV7LinKF87E=",
        "owner": "NixOS",
        "repo": "nixpkgs",
        "rev": "d3a1eb06ba4b4dba29b613af0f1cf3d94daca421",
        "type": "github"
      },
      "original": {
        "id": "nixpkgs",
        "ref": "nixos-20.03",
        "type": "indirect"
      }
    },
    "root": {
      "inputs": {
        "nixpkgs": "nixpkgs"
      }
    }
  },
  "root": "root",
  "version": 7
}
