{
  "nodes": {
    "nixpkgs": {
      "locked": {
        "lastModified": 1603107779,
        "narHash": "sha256-9qYqGqz4imDdlF0+pt7Hn5X8lVwU8hpSoB5gTvGpHYk=",
        "owner": "NixOS",
        "repo": "nixpkgs",
        "rev": "ba2ec4867d702ddf2013460fa358eca02278c07c",
        "type": "github"
      },
      "original": {
        "id": "nixpkgs",
        "ref": "nixos-20.09",
        "type": "indirect"
      }
    },
    "root": {
      "inputs": {
        "nixpkgs": "nixpkgs"
      }
    }
  },
  "root": "root",
  "version": 7
}
